
Microsoft Visual Studio Solution File, Format Version 12.00
# Visual Studio Version 16
VisualStudioVersion = 16.0.29806.167
MinimumVisualStudioVersion = 10.0.40219.1
Project("{FAE04EC0-301F-11D3-BF4B-00C04F79EFBC}") = "HomeWork4", "HomeWork4\HomeWork4.csproj", "{CA72E0A2-282A-414B-A9C3-DC00E534D732}"
EndProject
Project("{FAE04EC0-301F-11D3-BF4B-00C04F79EFBC}") = "HomeWork4_2", "HomeWork4_2\HomeWork4_2.csproj", "{C0B6EAD3-002B-473D-AB5B-3704D602AF1D}"
EndProject
Global
	GlobalSection(SolutionConfigurationPlatforms) = preSolution
		Debug|Any CPU = Debug|Any CPU
		Release|Any CPU = Release|Any CPU
	EndGlobalSection
	GlobalSection(ProjectConfigurationPlatforms) = postSolution
		{CA72E0A2-282A-414B-A9C3-DC00E534D732}.Debug|Any CPU.ActiveCfg = Debug|Any CPU
		{CA72E0A2-282A-414B-A9C3-DC00E534D732}.Debug|Any CPU.Build.0 = Debug|Any CPU
		{CA72E0A2-282A-414B-A9C3-DC00E534D732}.Release|Any CPU.ActiveCfg = Release|Any CPU
		{CA72E0A2-282A-414B-A9C3-DC00E534D732}.Release|Any CPU.Build.0 = Release|Any CPU
		{C0B6EAD3-002B-473D-AB5B-3704D602AF1D}.Debug|Any CPU.ActiveCfg = Debug|Any CPU
		{C0B6EAD3-002B-473D-AB5B-3704D602AF1D}.Debug|Any CPU.Build.0 = Debug|Any CPU
		{C0B6EAD3-002B-473D-AB5B-3704D602AF1D}.Release|Any CPU.ActiveCfg = Release|Any CPU
		{C0B6EAD3-002B-473D-AB5B-3704D602AF1D}.Release|Any CPU.Build.0 = Release|Any CPU
	EndGlobalSection
	GlobalSection(SolutionProperties) = preSolution
		HideSolutionNode = FALSE
	EndGlobalSection
	GlobalSection(ExtensibilityGlobals) = postSolution
		SolutionGuid = {1B4DE9F8-3C26-4202-A95C-86537F29541F}
	EndGlobalSection
EndGlobal
